
Microsoft Visual Studio Solution File, Format Version 12.00
# Visual Studio 15
VisualStudioVersion = 15.0.28307.1267
MinimumVisualStudioVersion = 10.0.40219.1
Project("{E24C65DC-7377-472B-9ABA-BC803B73C61A}") = "19389532_cse2wdx_assignment3", ".", "{722530CA-A37C-435D-A96E-F77A2D98F4F8}"
	ProjectSection(WebsiteProperties) = preProject
		TargetFrameworkMoniker = ".NETFramework,Version%3Dv4.0"
		Debug.AspNetCompiler.VirtualPath = "/localhost_58291"
		Debug.AspNetCompiler.PhysicalPath = "..\..\..\Desktop\Didasko\Assignments\Year 2\Web Dev\Assignment 3\19389532_cse2wdx_assignment3\"
		Debug.AspNetCompiler.TargetPath = "PrecompiledWeb\localhost_58291\"
		Debug.AspNetCompiler.Updateable = "true"
		Debug.AspNetCompiler.ForceOverwrite = "true"
		Debug.AspNetCompiler.FixedNames = "false"
		Debug.AspNetCompiler.Debug = "True"
		Release.AspNetCompiler.VirtualPath = "/localhost_58291"
		Release.AspNetCompiler.PhysicalPath = "..\..\..\Desktop\Didasko\Assignments\Year 2\Web Dev\Assignment 3\19389532_cse2wdx_assignment3\"
		Release.AspNetCompiler.TargetPath = "PrecompiledWeb\localhost_58291\"
		Release.AspNetCompiler.Updateable = "true"
		Release.AspNetCompiler.ForceOverwrite = "true"
		Release.AspNetCompiler.FixedNames = "false"
		Release.AspNetCompiler.Debug = "False"
		VWDPort = "58291"
	EndProjectSection
EndProject
Global
	GlobalSection(SolutionConfigurationPlatforms) = preSolution
		Debug|Any CPU = Debug|Any CPU
	EndGlobalSection
	GlobalSection(ProjectConfigurationPlatforms) = postSolution
		{722530CA-A37C-435D-A96E-F77A2D98F4F8}.Debug|Any CPU.ActiveCfg = Debug|Any CPU
		{722530CA-A37C-435D-A96E-F77A2D98F4F8}.Debug|Any CPU.Build.0 = Debug|Any CPU
	EndGlobalSection
	GlobalSection(SolutionProperties) = preSolution
		HideSolutionNode = FALSE
	EndGlobalSection
	GlobalSection(ExtensibilityGlobals) = postSolution
		SolutionGuid = {299D8FE4-9F06-4F56-9E4C-B478271817DB}
	EndGlobalSection
EndGlobal
